# This file is autogenerated, do not edit; changes may be undone by the next 'dep ensure'.


[[projects]]
  name = "github.com/garyburd/redigo"
  packages = ["internal","redis"]
  revision = "d1ed5c67e5794de818ea85e6b522fda02623a484"
  version = "v1.4.0"

[[projects]]
  branch = "optional-query"
  name = "github.com/masutaka/qiita-sdk-go"
  packages = ["qiita"]
  revision = "9babd2dab1769723f5b6bb7575bce5cc0e96a209"

[[projects]]
  branch = "master"
  name = "golang.org/x/tools"
  packages = ["blog/atom"]
  revision = "8cab8a1319f0be9798e7fe78b15da75e5f94b2e9"

[solve-meta]
  analyzer-name = "dep"
  analyzer-version = 1
  inputs-digest = "2adea3a7df55887fb579b8f98d141c17135d2a0b08fb92b32a5c35e0d239c14f"
  solver-name = "gps-cdcl"
  solver-version = 1
