# This file is autogenerated, do not edit; changes may be undone by the next 'dep ensure'.


[[projects]]
  name = "github.com/garyburd/redigo"
  packages = ["internal","redis"]
  revision = "d1ed5c67e5794de818ea85e6b522fda02623a484"
  version = "v1.4.0"

[[projects]]
  branch = "master"
  name = "golang.org/x/tools"
  packages = ["blog/atom"]
  revision = "8cab8a1319f0be9798e7fe78b15da75e5f94b2e9"

[solve-meta]
  analyzer-name = "dep"
  analyzer-version = 1
  inputs-digest = "c33063e4cad6c973918c44cb094b49f760e5fe7bc2a88456fdd57b3436335823"
  solver-name = "gps-cdcl"
  solver-version = 1
